Microsoft Visual Studio Solution File, Format Version 12.00
# Visual Studio Version 17
VisualStudioVersion = 17.5.2.0
MinimumVisualStudioVersion = 10.0.40219.1
Project("{FAE04EC0-301F-11D3-BF4B-00C04F79EFBC}") = "SocOps", "SocOps\SocOps.csproj", "{081AA07D-2654-A635-ADA8-4940CF06AB44}"
EndProject
Project("{2150E333-8FDC-42A3-9474-1A3956D46DE8}") = ".solutions", ".solutions", "{A9624F3A-7D4B-6961-4084-949D4D94E9EE}"
EndProject
Project("{2150E333-8FDC-42A3-9474-1A3956D46DE8}") = "finished", "finished", "{4DDF9D55-24B3-E317-6CA8-0C9294B6D148}"
EndProject
Project("{FAE04EC0-301F-11D3-BF4B-00C04F79EFBC}") = "SocOps", ".solutions\finished\SocOps\SocOps.csproj", "{311E5AB7-913F-1392-7762-89C442F2B627}"
EndProject
Project("{2150E333-8FDC-42A3-9474-1A3956D46DE8}") = "step-00-baseline", "step-00-baseline", "{B065B0CC-59E9-D08A-F671-DBD71B41EE7A}"
EndProject
Project("{FAE04EC0-301F-11D3-BF4B-00C04F79EFBC}") = "SocOps", ".solutions\step-00-baseline\SocOps\SocOps.csproj", "{9D8ED65B-434A-80F0-4843-D736D466E35C}"
EndProject
Project("{2150E333-8FDC-42A3-9474-1A3956D46DE8}") = "step-01-instructions", "step-01-instructions", "{9ECED1B8-9452-FD78-9A6F-DE47BDE61917}"
EndProject
Project("{FAE04EC0-301F-11D3-BF4B-00C04F79EFBC}") = "SocOps", ".solutions\step-01-instructions\SocOps\SocOps.csproj", "{ED7767E1-EAC0-A6A8-A443-14D87773DB53}"
EndProject
Project("{2150E333-8FDC-42A3-9474-1A3956D46DE8}") = "step-02-linting", "step-02-linting", "{38C7DE3E-928A-E65D-ABE4-2C1D0F1D4341}"
EndProject
Project("{FAE04EC0-301F-11D3-BF4B-00C04F79EFBC}") = "SocOps", ".solutions\step-02-linting\SocOps\SocOps.csproj", "{0E5A31B5-F69B-D314-E048-47C4E043FF98}"
EndProject
Project("{2150E333-8FDC-42A3-9474-1A3956D46DE8}") = "step-03-readme-update", "step-03-readme-update", "{E42EB5FC-B3B3-0228-1BCE-CA749D1C13F5}"
EndProject
Project("{FAE04EC0-301F-11D3-BF4B-00C04F79EFBC}") = "SocOps", ".solutions\step-03-readme-update\SocOps\SocOps.csproj", "{3ECE8151-F94E-2E96-4630-3F02FBA32CB5}"
EndProject
Project("{2150E333-8FDC-42A3-9474-1A3956D46DE8}") = "step-04-redesign-cyberpunk", "step-04-redesign-cyberpunk", "{E1F2F90E-ADF8-99D5-FA36-E946FF504D4D}"
EndProject
Project("{FAE04EC0-301F-11D3-BF4B-00C04F79EFBC}") = "SocOps", ".solutions\step-04-redesign-cyberpunk\SocOps\SocOps.csproj", "{C4C3EE1F-83CC-FD1B-631B-8137284C6997}"
EndProject
Project("{2150E333-8FDC-42A3-9474-1A3956D46DE8}") = "step-05-quiz-techlife", "step-05-quiz-techlife", "{35E48DA9-220B-ABDB-29FE-0DF7E7DDF0A7}"
EndProject
Project("{FAE04EC0-301F-11D3-BF4B-00C04F79EFBC}") = "SocOps", ".solutions\step-05-quiz-techlife\SocOps\SocOps.csproj", "{DD269D16-FC39-4D61-BF60-FE9B951B6C60}"
EndProject
Project("{2150E333-8FDC-42A3-9474-1A3956D46DE8}") = "step-06-scavenger-hunt", "step-06-scavenger-hunt", "{58FC4C43-C1EA-045A-42A6-EAE2731DAD36}"
EndProject
Project("{FAE04EC0-301F-11D3-BF4B-00C04F79EFBC}") = "SocOps", ".solutions\step-06-scavenger-hunt\SocOps\SocOps.csproj", "{9D70B28A-CB2A-64DD-8238-64B5B33095EA}"
EndProject
Project("{2150E333-8FDC-42A3-9474-1A3956D46DE8}") = "step-07-card-deck", "step-07-card-deck", "{6FAD8578-AB60-EF36-F6FE-BA788F51A445}"
EndProject
Project("{FAE04EC0-301F-11D3-BF4B-00C04F79EFBC}") = "SocOps", ".solutions\step-07-card-deck\SocOps\SocOps.csproj", "{5FC5FB9A-7FC3-532C-4C7A-2B30937CA434}"
EndProject
Global
	GlobalSection(SolutionConfigurationPlatforms) = preSolution
		Debug|Any CPU = Debug|Any CPU
		Release|Any CPU = Release|Any CPU
	EndGlobalSection
	GlobalSection(ProjectConfigurationPlatforms) = postSolution
		{081AA07D-2654-A635-ADA8-4940CF06AB44}.Debug|Any CPU.ActiveCfg = Debug|Any CPU
		{081AA07D-2654-A635-ADA8-4940CF06AB44}.Debug|Any CPU.Build.0 = Debug|Any CPU
		{081AA07D-2654-A635-ADA8-4940CF06AB44}.Release|Any CPU.ActiveCfg = Release|Any CPU
		{081AA07D-2654-A635-ADA8-4940CF06AB44}.Release|Any CPU.Build.0 = Release|Any CPU
		{311E5AB7-913F-1392-7762-89C442F2B627}.Debug|Any CPU.ActiveCfg = Debug|Any CPU
		{311E5AB7-913F-1392-7762-89C442F2B627}.Debug|Any CPU.Build.0 = Debug|Any CPU
		{311E5AB7-913F-1392-7762-89C442F2B627}.Release|Any CPU.ActiveCfg = Release|Any CPU
		{311E5AB7-913F-1392-7762-89C442F2B627}.Release|Any CPU.Build.0 = Release|Any CPU
		{9D8ED65B-434A-80F0-4843-D736D466E35C}.Debug|Any CPU.ActiveCfg = Debug|Any CPU
		{9D8ED65B-434A-80F0-4843-D736D466E35C}.Debug|Any CPU.Build.0 = Debug|Any CPU
		{9D8ED65B-434A-80F0-4843-D736D466E35C}.Release|Any CPU.ActiveCfg = Release|Any CPU
		{9D8ED65B-434A-80F0-4843-D736D466E35C}.Release|Any CPU.Build.0 = Release|Any CPU
		{ED7767E1-EAC0-A6A8-A443-14D87773DB53}.Debug|Any CPU.ActiveCfg = Debug|Any CPU
		{ED7767E1-EAC0-A6A8-A443-14D87773DB53}.Debug|Any CPU.Build.0 = Debug|Any CPU
		{ED7767E1-EAC0-A6A8-A443-14D87773DB53}.Release|Any CPU.ActiveCfg = Release|Any CPU
		{ED7767E1-EAC0-A6A8-A443-14D87773DB53}.Release|Any CPU.Build.0 = Release|Any CPU
		{0E5A31B5-F69B-D314-E048-47C4E043FF98}.Debug|Any CPU.ActiveCfg = Debug|Any CPU
		{0E5A31B5-F69B-D314-E048-47C4E043FF98}.Debug|Any CPU.Build.0 = Debug|Any CPU
		{0E5A31B5-F69B-D314-E048-47C4E043FF98}.Release|Any CPU.ActiveCfg = Release|Any CPU
		{0E5A31B5-F69B-D314-E048-47C4E043FF98}.Release|Any CPU.Build.0 = Release|Any CPU
		{3ECE8151-F94E-2E96-4630-3F02FBA32CB5}.Debug|Any CPU.ActiveCfg = Debug|Any CPU
		{3ECE8151-F94E-2E96-4630-3F02FBA32CB5}.Debug|Any CPU.Build.0 = Debug|Any CPU
		{3ECE8151-F94E-2E96-4630-3F02FBA32CB5}.Release|Any CPU.ActiveCfg = Release|Any CPU
		{3ECE8151-F94E-2E96-4630-3F02FBA32CB5}.Release|Any CPU.Build.0 = Release|Any CPU
		{C4C3EE1F-83CC-FD1B-631B-8137284C6997}.Debug|Any CPU.ActiveCfg = Debug|Any CPU
		{C4C3EE1F-83CC-FD1B-631B-8137284C6997}.Debug|Any CPU.Build.0 = Debug|Any CPU
		{C4C3EE1F-83CC-FD1B-631B-8137284C6997}.Release|Any CPU.ActiveCfg = Release|Any CPU
		{C4C3EE1F-83CC-FD1B-631B-8137284C6997}.Release|Any CPU.Build.0 = Release|Any CPU
		{DD269D16-FC39-4D61-BF60-FE9B951B6C60}.Debug|Any CPU.ActiveCfg = Debug|Any CPU
		{DD269D16-FC39-4D61-BF60-FE9B951B6C60}.Debug|Any CPU.Build.0 = Debug|Any CPU
		{DD269D16-FC39-4D61-BF60-FE9B951B6C60}.Release|Any CPU.ActiveCfg = Release|Any CPU
		{DD269D16-FC39-4D61-BF60-FE9B951B6C60}.Release|Any CPU.Build.0 = Release|Any CPU
		{9D70B28A-CB2A-64DD-8238-64B5B33095EA}.Debug|Any CPU.ActiveCfg = Debug|Any CPU
		{9D70B28A-CB2A-64DD-8238-64B5B33095EA}.Debug|Any CPU.Build.0 = Debug|Any CPU
		{9D70B28A-CB2A-64DD-8238-64B5B33095EA}.Release|Any CPU.ActiveCfg = Release|Any CPU
		{9D70B28A-CB2A-64DD-8238-64B5B33095EA}.Release|Any CPU.Build.0 = Release|Any CPU
		{5FC5FB9A-7FC3-532C-4C7A-2B30937CA434}.Debug|Any CPU.ActiveCfg = Debug|Any CPU
		{5FC5FB9A-7FC3-532C-4C7A-2B30937CA434}.Debug|Any CPU.Build.0 = Debug|Any CPU
		{5FC5FB9A-7FC3-532C-4C7A-2B30937CA434}.Release|Any CPU.ActiveCfg = Release|Any CPU
		{5FC5FB9A-7FC3-532C-4C7A-2B30937CA434}.Release|Any CPU.Build.0 = Release|Any CPU
	EndGlobalSection
	GlobalSection(SolutionProperties) = preSolution
		HideSolutionNode = FALSE
	EndGlobalSection
	GlobalSection(NestedProjects) = preSolution
		{4DDF9D55-24B3-E317-6CA8-0C9294B6D148} = {A9624F3A-7D4B-6961-4084-949D4D94E9EE}
		{311E5AB7-913F-1392-7762-89C442F2B627} = {4DDF9D55-24B3-E317-6CA8-0C9294B6D148}
		{B065B0CC-59E9-D08A-F671-DBD71B41EE7A} = {A9624F3A-7D4B-6961-4084-949D4D94E9EE}
		{9D8ED65B-434A-80F0-4843-D736D466E35C} = {B065B0CC-59E9-D08A-F671-DBD71B41EE7A}
		{9ECED1B8-9452-FD78-9A6F-DE47BDE61917} = {A9624F3A-7D4B-6961-4084-949D4D94E9EE}
		{ED7767E1-EAC0-A6A8-A443-14D87773DB53} = {9ECED1B8-9452-FD78-9A6F-DE47BDE61917}
		{38C7DE3E-928A-E65D-ABE4-2C1D0F1D4341} = {A9624F3A-7D4B-6961-4084-949D4D94E9EE}
		{0E5A31B5-F69B-D314-E048-47C4E043FF98} = {38C7DE3E-928A-E65D-ABE4-2C1D0F1D4341}
		{E42EB5FC-B3B3-0228-1BCE-CA749D1C13F5} = {A9624F3A-7D4B-6961-4084-949D4D94E9EE}
		{3ECE8151-F94E-2E96-4630-3F02FBA32CB5} = {E42EB5FC-B3B3-0228-1BCE-CA749D1C13F5}
		{E1F2F90E-ADF8-99D5-FA36-E946FF504D4D} = {A9624F3A-7D4B-6961-4084-949D4D94E9EE}
		{C4C3EE1F-83CC-FD1B-631B-8137284C6997} = {E1F2F90E-ADF8-99D5-FA36-E946FF504D4D}
		{35E48DA9-220B-ABDB-29FE-0DF7E7DDF0A7} = {A9624F3A-7D4B-6961-4084-949D4D94E9EE}
		{DD269D16-FC39-4D61-BF60-FE9B951B6C60} = {35E48DA9-220B-ABDB-29FE-0DF7E7DDF0A7}
		{58FC4C43-C1EA-045A-42A6-EAE2731DAD36} = {A9624F3A-7D4B-6961-4084-949D4D94E9EE}
		{9D70B28A-CB2A-64DD-8238-64B5B33095EA} = {58FC4C43-C1EA-045A-42A6-EAE2731DAD36}
		{6FAD8578-AB60-EF36-F6FE-BA788F51A445} = {A9624F3A-7D4B-6961-4084-949D4D94E9EE}
		{5FC5FB9A-7FC3-532C-4C7A-2B30937CA434} = {6FAD8578-AB60-EF36-F6FE-BA788F51A445}
	EndGlobalSection
	GlobalSection(ExtensibilityGlobals) = postSolution
		SolutionGuid = {1209FF59-1CE7-41DB-ADAF-236FC63748A7}
	EndGlobalSection
EndGlobal
